// !$*UTF8*$!
{
	archiveVersion = 1;
	classes = {
	};
	objectVersion = 46;
	objects = {

/* Begin PBXBuildFile section */
		DB403CC7153E8EE600C99365 /* UIKit.framework in Frameworks */ = {isa = PBXBuildFile; fileRef = DB403CC6153E8EE600C99365 /* UIKit.framework */; };
		DB403CC9153E8EE600C99365 /* Foundation.framework in Frameworks */ = {isa = PBXBuildFile; fileRef = DB403CC8153E8EE600C99365 /* Foundation.framework */; };
		DB403CCB153E8EE600C99365 /* CoreGraphics.framework in Frameworks */ = {isa = PBXBuildFile; fileRef = DB403CCA153E8EE600C99365 /* CoreGraphics.framework */; };
		DB403CD1153E8EE600C99365 /* InfoPlist.strings in Resources */ = {isa = PBXBuildFile; fileRef = DB403CCF153E8EE600C99365 /* InfoPlist.strings */; };
		DB403CD3153E8EE600C99365 /* main.m in Sources */ = {isa = PBXBuildFile; fileRef = DB403CD2153E8EE600C99365 /* main.m */; };
		DB403CD7153E8EE600C99365 /* AppDelegate.m in Sources */ = {isa = PBXBuildFile; fileRef = DB403CD6153E8EE600C99365 /* AppDelegate.m */; };
		DB403CDA153E8EE600C99365 /* ViewController.m in Sources */ = {isa = PBXBuildFile; fileRef = DB403CD9153E8EE600C99365 /* ViewController.m */; };
		DB403CE4153E8F1A00C99365 /* SensibleTableView.framework in Frameworks */ = {isa = PBXBuildFile; fileRef = DB403CE3153E8F1A00C99365 /* SensibleTableView.framework */; };
		DB6AD442160579230073261E /* Default-568h@2x.png in Resources */ = {isa = PBXBuildFile; fileRef = DB6AD441160579230073261E /* Default-568h@2x.png */; };
/* End PBXBuildFile section */

/* Begin PBXFileReference section */
		DB403CC2153E8EE500C99365 /* UserDefaults App.app */ = {isa = PBXFileReference; explicitFileType = wrapper.application; includeInIndex = 0; path = "UserDefaults App.app"; sourceTree = BUILT_PRODUCTS_DIR; };
		DB403CC6153E8EE600C99365 /* UIKit.framework */ = {isa = PBXFileReference; lastKnownFileType = wrapper.framework; name = UIKit.framework; path = System/Library/Frameworks/UIKit.framework; sourceTree = SDKROOT; };
		DB403CC8153E8EE600C99365 /* Foundation.framework */ = {isa = PBXFileReference; lastKnownFileType = wrapper.framework; name = Foundation.framework; path = System/Library/Frameworks/Foundation.framework; sourceTree = SDKROOT; };
		DB403CCA153E8EE600C99365 /* CoreGraphics.framework */ = {isa = PBXFileReference; lastKnownFileType = wrapper.framework; name = CoreGraphics.framework; path = System/Library/Frameworks/CoreGraphics.framework; sourceTree = SDKROOT; };
		DB403CCE153E8EE600C99365 /* UserDefaults App-Info.plist */ = {isa = PBXFileReference; lastKnownFileType = text.plist.xml; path = "UserDefaults App-Info.plist"; sourceTree = "<group>"; };
		DB403CD0153E8EE600C99365 /* en */ = {isa = PBXFileReference; lastKnownFileType = text.plist.strings; name = en; path = en.lproj/InfoPlist.strings; sourceTree = "<group>"; };
		DB403CD2153E8EE600C99365 /* main.m */ = {isa = PBXFileReference; lastKnownFileType = sourcecode.c.objc; path = main.m; sourceTree = "<group>"; };
		DB403CD4153E8EE600C99365 /* UserDefaults App-Prefix.pch */ = {isa = PBXFileReference; lastKnownFileType = sourcecode.c.h; path = "UserDefaults App-Prefix.pch"; sourceTree = "<group>"; };
		DB403CD5153E8EE600C99365 /* AppDelegate.h */ = {isa = PBXFileReference; lastKnownFileType = sourcecode.c.h; path = AppDelegate.h; sourceTree = "<group>"; };
		DB403CD6153E8EE600C99365 /* AppDelegate.m */ = {isa = PBXFileReference; lastKnownFileType = sourcecode.c.objc; path = AppDelegate.m; sourceTree = "<group>"; };
		DB403CD8153E8EE600C99365 /* ViewController.h */ = {isa = PBXFileReference; lastKnownFileType = sourcecode.c.h; path = ViewController.h; sourceTree = "<group>"; };
		DB403CD9153E8EE600C99365 /* ViewController.m */ = {isa = PBXFileReference; lastKnownFileType = sourcecode.c.objc; path = ViewController.m; sourceTree = "<group>"; };
		DB403CE3153E8F1A00C99365 /* SensibleTableView.framework */ = {isa = PBXFileReference; lastKnownFileType = wrapper.framework; name = SensibleTableView.framework; path = "../../Static Frameworks/SensibleTableView.framework"; sourceTree = "<group>"; };
		DB6AD441160579230073261E /* Default-568h@2x.png */ = {isa = PBXFileReference; lastKnownFileType = image.png; path = "Default-568h@2x.png"; sourceTree = "<group>"; };
/* End PBXFileReference section */

/* Begin PBXFrameworksBuildPhase section */
		DB403CBF153E8EE500C99365 /* Frameworks */ = {
			isa = PBXFrameworksBuildPhase;
			buildActionMask = 2147483647;
			files = (
				DB403CC7153E8EE600C99365 /* UIKit.framework in Frameworks */,
				DB403CC9153E8EE600C99365 /* Foundation.framework in Frameworks */,
				DB403CCB153E8EE600C99365 /* CoreGraphics.framework in Frameworks */,
				DB403CE4153E8F1A00C99365 /* SensibleTableView.framework in Frameworks */,
			);
			runOnlyForDeploymentPostprocessing = 0;
		};
/* End PBXFrameworksBuildPhase section */

/* Begin PBXGroup section */
		DB403CB7153E8EE500C99365 = {
			isa = PBXGroup;
			children = (
				DB6AD441160579230073261E /* Default-568h@2x.png */,
				DB403CCC153E8EE600C99365 /* UserDefaults App */,
				DB403CC5153E8EE600C99365 /* Frameworks */,
				DB403CC3153E8EE500C99365 /* Products */,
			);
			sourceTree = "<group>";
		};
		DB403CC3153E8EE500C99365 /* Products */ = {
			isa = PBXGroup;
			children = (
				DB403CC2153E8EE500C99365 /* UserDefaults App.app */,
			);
			name = Products;
			sourceTree = "<group>";
		};
		DB403CC5153E8EE600C99365 /* Frameworks */ = {
			isa = PBXGroup;
			children = (
				DB403CE3153E8F1A00C99365 /* SensibleTableView.framework */,
				DB403CC6153E8EE600C99365 /* UIKit.framework */,
				DB403CC8153E8EE600C99365 /* Foundation.framework */,
				DB403CCA153E8EE600C99365 /* CoreGraphics.framework */,
			);
			name = Frameworks;
			sourceTree = "<group>";
		};
		DB403CCC153E8EE600C99365 /* UserDefaults App */ = {
			isa = PBXGroup;
			children = (
				DB403CD5153E8EE600C99365 /* AppDelegate.h */,
				DB403CD6153E8EE600C99365 /* AppDelegate.m */,
				DB403CD8153E8EE600C99365 /* ViewController.h */,
				DB403CD9153E8EE600C99365 /* ViewController.m */,
				DB403CCD153E8EE600C99365 /* Supporting Files */,
			);
			path = "UserDefaults App";
			sourceTree = "<group>";
		};
		DB403CCD153E8EE600C99365 /* Supporting Files */ = {
			isa = PBXGroup;
			children = (
				DB403CCE153E8EE600C99365 /* UserDefaults App-Info.plist */,
				DB403CCF153E8EE600C99365 /* InfoPlist.strings */,
				DB403CD2153E8EE600C99365 /* main.m */,
				DB403CD4153E8EE600C99365 /* UserDefaults App-Prefix.pch */,
			);
			name = "Supporting Files";
			sourceTree = "<group>";
		};
/* End PBXGroup section */

/* Begin PBXNativeTarget section */
		DB403CC1153E8EE500C99365 /* UserDefaults App */ = {
			isa = PBXNativeTarget;
			buildConfigurationList = DB403CE0153E8EE600C99365 /* Build configuration list for PBXNativeTarget "UserDefaults App" */;
			buildPhases = (
				DB403CBE153E8EE500C99365 /* Sources */,
				DB403CBF153E8EE500C99365 /* Frameworks */,
				DB403CC0153E8EE500C99365 /* Resources */,
			);
			buildRules = (
			);
			dependencies = (
			);
			name = "UserDefaults App";
			productName = "UserDefaults App";
			productReference = DB403CC2153E8EE500C99365 /* UserDefaults App.app */;
			productType = "com.apple.product-type.application";
		};
/* End PBXNativeTarget section */

/* Begin PBXProject section */
		DB403CB9153E8EE500C99365 /* Project object */ = {
			isa = PBXProject;
			attributes = {
				LastUpgradeCheck = 0430;
				ORGANIZATIONNAME = "Sensible Cocoa";
			};
			buildConfigurationList = DB403CBC153E8EE500C99365 /* Build configuration list for PBXProject "UserDefaults App" */;
			compatibilityVersion = "Xcode 3.2";
			developmentRegion = English;
			hasScannedForEncodings = 0;
			knownRegions = (
				en,
			);
			mainGroup = DB403CB7153E8EE500C99365;
			productRefGroup = DB403CC3153E8EE500C99365 /* Products */;
			projectDirPath = "";
			projectRoot = "";
			targets = (
				DB403CC1153E8EE500C99365 /* UserDefaults App */,
			);
		};
/* End PBXProject section */

/* Begin PBXResourcesBuildPhase section */
		DB403CC0153E8EE500C99365 /* Resources */ = {
			isa = PBXResourcesBuildPhase;
			buildActionMask = 2147483647;
			files = (
				DB403CD1153E8EE600C99365 /* InfoPlist.strings in Resources */,
				DB6AD442160579230073261E /* Default-568h@2x.png in Resources */,
			);
			runOnlyForDeploymentPostprocessing = 0;
		};
/* End PBXResourcesBuildPhase section */

/* Begin PBXSourcesBuildPhase section */
		DB403CBE153E8EE500C99365 /* Sources */ = {
			isa = PBXSourcesBuildPhase;
			buildActionMask = 2147483647;
			files = (
				DB403CD3153E8EE600C99365 /* main.m in Sources */,
				DB403CD7153E8EE600C99365 /* AppDelegate.m in Sources */,
				DB403CDA153E8EE600C99365 /* ViewController.m in Sources */,
			);
			runOnlyForDeploymentPostprocessing = 0;
		};
/* End PBXSourcesBuildPhase section */

/* Begin PBXVariantGroup section */
		DB403CCF153E8EE600C99365 /* InfoPlist.strings */ = {
			isa = PBXVariantGroup;
			children = (
				DB403CD0153E8EE600C99365 /* en */,
			);
			name = InfoPlist.strings;
			sourceTree = "<group>";
		};
/* End PBXVariantGroup section */

/* Begin XCBuildConfiguration section */
		DB403CDE153E8EE600C99365 /* Debug */ = {
			isa = XCBuildConfiguration;
			buildSettings = {
				ALWAYS_SEARCH_USER_PATHS = NO;
				ARCHS = "$(ARCHS_STANDARD_32_BIT)";
				CLANG_ENABLE_OBJC_ARC = YES;
				"CODE_SIGN_IDENTITY[sdk=iphoneos*]" = "iPhone Developer";
				COPY_PHASE_STRIP = NO;
				GCC_C_LANGUAGE_STANDARD = gnu99;
				GCC_DYNAMIC_NO_PIC = NO;
				GCC_OPTIMIZATION_LEVEL = 0;
				GCC_PREPROCESSOR_DEFINITIONS = (
					"DEBUG=1",
					"$(inherited)",
				);
				GCC_SYMBOLS_PRIVATE_EXTERN = NO;
				GCC_VERSION = com.apple.compilers.llvm.clang.1_0;
				GCC_WARN_ABOUT_RETURN_TYPE = YES;
				GCC_WARN_UNINITIALIZED_AUTOS = YES;
				GCC_WARN_UNUSED_VARIABLE = YES;
				IPHONEOS_DEPLOYMENT_TARGET = 5.1;
				SDKROOT = iphoneos;
			};
			name = Debug;
		};
		DB403CDF153E8EE600C99365 /* Release */ = {
			isa = XCBuildConfiguration;
			buildSettings = {
				ALWAYS_SEARCH_USER_PATHS = NO;
				ARCHS = "$(ARCHS_STANDARD_32_BIT)";
				CLANG_ENABLE_OBJC_ARC = YES;
				"CODE_SIGN_IDENTITY[sdk=iphoneos*]" = "iPhone Developer";
				COPY_PHASE_STRIP = YES;
				GCC_C_LANGUAGE_STANDARD = gnu99;
				GCC_VERSION = com.apple.compilers.llvm.clang.1_0;
				GCC_WARN_ABOUT_RETURN_TYPE = YES;
				GCC_WARN_UNINITIALIZED_AUTOS = YES;
				GCC_WARN_UNUSED_VARIABLE = YES;
				IPHONEOS_DEPLOYMENT_TARGET = 5.1;
				OTHER_CFLAGS = "-DNS_BLOCK_ASSERTIONS=1";
				SDKROOT = iphoneos;
				VALIDATE_PRODUCT = YES;
			};
			name = Release;
		};
		DB403CE1153E8EE600C99365 /* Debug */ = {
			isa = XCBuildConfiguration;
			buildSettings = {
				FRAMEWORK_SEARCH_PATHS = (
					"$(inherited)",
					"\"$(SRCROOT)/../../Static Frameworks\"",
				);
				GCC_PRECOMPILE_PREFIX_HEADER = YES;
				GCC_PREFIX_HEADER = "UserDefaults App/UserDefaults App-Prefix.pch";
				INFOPLIST_FILE = "UserDefaults App/UserDefaults App-Info.plist";
				PRODUCT_NAME = "$(TARGET_NAME)";
				WRAPPER_EXTENSION = app;
			};
			name = Debug;
		};
		DB403CE2153E8EE600C99365 /* Release */ = {
			isa = XCBuildConfiguration;
			buildSettings = {
				FRAMEWORK_SEARCH_PATHS = (
					"$(inherited)",
					"\"$(SRCROOT)/../../Static Frameworks\"",
				);
				GCC_PRECOMPILE_PREFIX_HEADER = YES;
				GCC_PREFIX_HEADER = "UserDefaults App/UserDefaults App-Prefix.pch";
				INFOPLIST_FILE = "UserDefaults App/UserDefaults App-Info.plist";
				PRODUCT_NAME = "$(TARGET_NAME)";
				WRAPPER_EXTENSION = app;
			};
			name = Release;
		};
/* End XCBuildConfiguration section */

/* Begin XCConfigurationList section */
		DB403CBC153E8EE500C99365 /* Build configuration list for PBXProject "UserDefaults App" */ = {
			isa = XCConfigurationList;
			buildConfigurations = (
				DB403CDE153E8EE600C99365 /* Debug */,
				DB403CDF153E8EE600C99365 /* Release */,
			);
			defaultConfigurationIsVisible = 0;
			defaultConfigurationName = Release;
		};
		DB403CE0153E8EE600C99365 /* Build configuration list for PBXNativeTarget "UserDefaults App" */ = {
			isa = XCConfigurationList;
			buildConfigurations = (
				DB403CE1153E8EE600C99365 /* Debug */,
				DB403CE2153E8EE600C99365 /* Release */,
			);
			defaultConfigurationIsVisible = 0;
			defaultConfigurationName = Release;
		};
/* End XCConfigurationList section */
	};
	rootObject = DB403CB9153E8EE500C99365 /* Project object */;
}
