// !$*UTF8*$!
{
	archiveVersion = 1;
	classes = {
	};
	objectVersion = 46;
	objects = {

/* Begin PBXBuildFile section */
		530AF0F1186495760019998A /* SOAppNetAPIClient.m in Sources */ = {isa = PBXBuildFile; fileRef = 530AF0EE186495760019998A /* SOAppNetAPIClient.m */; };
		530AF0F2186495760019998A /* SOAppNetUser.m in Sources */ = {isa = PBXBuildFile; fileRef = 530AF0F0186495760019998A /* SOAppNetUser.m */; };
		530AF0F8186495800019998A /* SOLinkedInAPIClient.m in Sources */ = {isa = PBXBuildFile; fileRef = 530AF0F5186495800019998A /* SOLinkedInAPIClient.m */; };
		530AF0F9186495800019998A /* SOLinkedInUser.m in Sources */ = {isa = PBXBuildFile; fileRef = 530AF0F7186495800019998A /* SOLinkedInUser.m */; };
		530AF10F186496DA0019998A /* AFHTTPRequestOperation.m in Sources */ = {isa = PBXBuildFile; fileRef = 530AF0FD186496DA0019998A /* AFHTTPRequestOperation.m */; };
		530AF110186496DA0019998A /* AFHTTPRequestOperationManager.m in Sources */ = {isa = PBXBuildFile; fileRef = 530AF0FF186496DA0019998A /* AFHTTPRequestOperationManager.m */; };
		530AF111186496DA0019998A /* AFHTTPSessionManager.m in Sources */ = {isa = PBXBuildFile; fileRef = 530AF101186496DA0019998A /* AFHTTPSessionManager.m */; };
		530AF112186496DA0019998A /* AFNetworkReachabilityManager.m in Sources */ = {isa = PBXBuildFile; fileRef = 530AF104186496DA0019998A /* AFNetworkReachabilityManager.m */; };
		530AF113186496DA0019998A /* AFSecurityPolicy.m in Sources */ = {isa = PBXBuildFile; fileRef = 530AF106186496DA0019998A /* AFSecurityPolicy.m */; };
		530AF114186496DA0019998A /* AFURLConnectionOperation.m in Sources */ = {isa = PBXBuildFile; fileRef = 530AF108186496DA0019998A /* AFURLConnectionOperation.m */; };
		530AF115186496DA0019998A /* AFURLRequestSerialization.m in Sources */ = {isa = PBXBuildFile; fileRef = 530AF10A186496DA0019998A /* AFURLRequestSerialization.m */; };
		530AF116186496DA0019998A /* AFURLResponseSerialization.m in Sources */ = {isa = PBXBuildFile; fileRef = 530AF10C186496DA0019998A /* AFURLResponseSerialization.m */; };
		530AF117186496DA0019998A /* AFURLSessionManager.m in Sources */ = {isa = PBXBuildFile; fileRef = 530AF10E186496DA0019998A /* AFURLSessionManager.m */; };
		5340E82116BED59300C53EF5 /* AppDelegate.m in Sources */ = {isa = PBXBuildFile; fileRef = 5340E81816BED59300C53EF5 /* AppDelegate.m */; };
		5340E82216BED59300C53EF5 /* Default-568h@2x.png in Resources */ = {isa = PBXBuildFile; fileRef = 5340E81916BED59300C53EF5 /* Default-568h@2x.png */; };
		5340E82316BED59300C53EF5 /* Default.png in Resources */ = {isa = PBXBuildFile; fileRef = 5340E81A16BED59300C53EF5 /* Default.png */; };
		5340E82416BED59300C53EF5 /* Default@2x.png in Resources */ = {isa = PBXBuildFile; fileRef = 5340E81B16BED59300C53EF5 /* Default@2x.png */; };
		5340E82516BED59300C53EF5 /* main.m in Sources */ = {isa = PBXBuildFile; fileRef = 5340E81C16BED59300C53EF5 /* main.m */; };
		5340E82716BED59300C53EF5 /* ViewController.m in Sources */ = {isa = PBXBuildFile; fileRef = 5340E82016BED59300C53EF5 /* ViewController.m */; };
		5340E82C16BED6DD00C53EF5 /* InfoPlist.strings in Resources */ = {isa = PBXBuildFile; fileRef = 5340E82816BED6DC00C53EF5 /* InfoPlist.strings */; };
		5340E82D16BED6DD00C53EF5 /* MainStoryboard.storyboard in Resources */ = {isa = PBXBuildFile; fileRef = 5340E82A16BED6DD00C53EF5 /* MainStoryboard.storyboard */; };
		5340E83616BEDA8300C53EF5 /* Accounts.framework in Frameworks */ = {isa = PBXBuildFile; fileRef = 5340E83516BEDA8300C53EF5 /* Accounts.framework */; };
		538E653A16BF33C9005B6350 /* GTMOAuthAuthentication.m in Sources */ = {isa = PBXBuildFile; fileRef = 538E652C16BF33C9005B6350 /* GTMOAuthAuthentication.m */; settings = {COMPILER_FLAGS = "-fno-objc-arc"; }; };
		538E653B16BF33C9005B6350 /* GTMOAuthSignIn.m in Sources */ = {isa = PBXBuildFile; fileRef = 538E652E16BF33C9005B6350 /* GTMOAuthSignIn.m */; settings = {COMPILER_FLAGS = "-fno-objc-arc"; }; };
		538E653C16BF33C9005B6350 /* GTMOAuthViewControllerTouch.m in Sources */ = {isa = PBXBuildFile; fileRef = 538E653016BF33C9005B6350 /* GTMOAuthViewControllerTouch.m */; settings = {COMPILER_FLAGS = "-fno-objc-arc"; }; };
		538E653D16BF33C9005B6350 /* GTMOAuthViewTouch.xib in Resources */ = {isa = PBXBuildFile; fileRef = 538E653116BF33C9005B6350 /* GTMOAuthViewTouch.xib */; };
		538E653E16BF33C9005B6350 /* GTMOAuth2Authentication.m in Sources */ = {isa = PBXBuildFile; fileRef = 538E653416BF33C9005B6350 /* GTMOAuth2Authentication.m */; settings = {COMPILER_FLAGS = "-fno-objc-arc"; }; };
		538E653F16BF33C9005B6350 /* GTMOAuth2SignIn.m in Sources */ = {isa = PBXBuildFile; fileRef = 538E653616BF33C9005B6350 /* GTMOAuth2SignIn.m */; settings = {COMPILER_FLAGS = "-fno-objc-arc"; }; };
		538E654016BF33C9005B6350 /* GTMOAuth2ViewControllerTouch.m in Sources */ = {isa = PBXBuildFile; fileRef = 538E653816BF33C9005B6350 /* GTMOAuth2ViewControllerTouch.m */; settings = {COMPILER_FLAGS = "-fno-objc-arc"; }; };
		538E654116BF33C9005B6350 /* GTMOAuth2ViewTouch.xib in Resources */ = {isa = PBXBuildFile; fileRef = 538E653916BF33C9005B6350 /* GTMOAuth2ViewTouch.xib */; };
		538E656716BF346B005B6350 /* GTMHTTPFetcher.m in Sources */ = {isa = PBXBuildFile; fileRef = 538E656216BF346B005B6350 /* GTMHTTPFetcher.m */; settings = {COMPILER_FLAGS = "-fno-objc-arc"; }; };
		538E656816BF346B005B6350 /* GTMHTTPFetcherService.m in Sources */ = {isa = PBXBuildFile; fileRef = 538E656416BF346B005B6350 /* GTMHTTPFetcherService.m */; settings = {COMPILER_FLAGS = "-fno-objc-arc"; }; };
		538E656916BF346B005B6350 /* GTMHTTPFetchHistory.m in Sources */ = {isa = PBXBuildFile; fileRef = 538E656616BF346B005B6350 /* GTMHTTPFetchHistory.m */; settings = {COMPILER_FLAGS = "-fno-objc-arc"; }; };
		53B5BE6916B4609200D2EBB1 /* UIKit.framework in Frameworks */ = {isa = PBXBuildFile; fileRef = 53B5BE6816B4609200D2EBB1 /* UIKit.framework */; };
		53B5BE6B16B4609200D2EBB1 /* Foundation.framework in Frameworks */ = {isa = PBXBuildFile; fileRef = 53B5BE6A16B4609200D2EBB1 /* Foundation.framework */; };
		53B5BE6D16B4609200D2EBB1 /* CoreGraphics.framework in Frameworks */ = {isa = PBXBuildFile; fileRef = 53B5BE6C16B4609200D2EBB1 /* CoreGraphics.framework */; };
		53B5BECD16B4642200D2EBB1 /* SystemConfiguration.framework in Frameworks */ = {isa = PBXBuildFile; fileRef = 53B5BECC16B4642200D2EBB1 /* SystemConfiguration.framework */; };
		53B5BECF16B4643100D2EBB1 /* Security.framework in Frameworks */ = {isa = PBXBuildFile; fileRef = 53B5BECE16B4643100D2EBB1 /* Security.framework */; };
		53D36F66175A545B00F5BA5A /* SODribbbleAPIClient.m in Sources */ = {isa = PBXBuildFile; fileRef = 53D36F17175A545A00F5BA5A /* SODribbbleAPIClient.m */; };
		53D36F67175A545B00F5BA5A /* SODribbbleUser.m in Sources */ = {isa = PBXBuildFile; fileRef = 53D36F19175A545A00F5BA5A /* SODribbbleUser.m */; };
		53D36F68175A545B00F5BA5A /* SOFacebookAPIClient.m in Sources */ = {isa = PBXBuildFile; fileRef = 53D36F1C175A545A00F5BA5A /* SOFacebookAPIClient.m */; };
		53D36F69175A545B00F5BA5A /* SOFacebookUser.m in Sources */ = {isa = PBXBuildFile; fileRef = 53D36F1E175A545A00F5BA5A /* SOFacebookUser.m */; };
		53D36F6A175A545B00F5BA5A /* SOFiveHundredspxAPIClient.m in Sources */ = {isa = PBXBuildFile; fileRef = 53D36F21175A545A00F5BA5A /* SOFiveHundredspxAPIClient.m */; };
		53D36F6B175A545B00F5BA5A /* SOFiveHundredspxUser.m in Sources */ = {isa = PBXBuildFile; fileRef = 53D36F23175A545A00F5BA5A /* SOFiveHundredspxUser.m */; };
		53D36F6C175A545B00F5BA5A /* SOFoursquareAPIClient.m in Sources */ = {isa = PBXBuildFile; fileRef = 53D36F26175A545A00F5BA5A /* SOFoursquareAPIClient.m */; };
		53D36F6D175A545B00F5BA5A /* SOFoursquareUser.m in Sources */ = {isa = PBXBuildFile; fileRef = 53D36F28175A545A00F5BA5A /* SOFoursquareUser.m */; };
		53D36F6E175A545B00F5BA5A /* SOGithubAPIClient.m in Sources */ = {isa = PBXBuildFile; fileRef = 53D36F2B175A545A00F5BA5A /* SOGithubAPIClient.m */; };
		53D36F6F175A545B00F5BA5A /* SOGithubUser.m in Sources */ = {isa = PBXBuildFile; fileRef = 53D36F2D175A545A00F5BA5A /* SOGithubUser.m */; };
		53D36F70175A545B00F5BA5A /* SOGooglePlusAPIClient.m in Sources */ = {isa = PBXBuildFile; fileRef = 53D36F30175A545A00F5BA5A /* SOGooglePlusAPIClient.m */; };
		53D36F71175A545B00F5BA5A /* SOGooglePlusUser.m in Sources */ = {isa = PBXBuildFile; fileRef = 53D36F32175A545A00F5BA5A /* SOGooglePlusUser.m */; };
		53D36F72175A545B00F5BA5A /* SOInstagramAPIClient.m in Sources */ = {isa = PBXBuildFile; fileRef = 53D36F35175A545A00F5BA5A /* SOInstagramAPIClient.m */; };
		53D36F73175A545B00F5BA5A /* SOInstagramUser.m in Sources */ = {isa = PBXBuildFile; fileRef = 53D36F37175A545A00F5BA5A /* SOInstagramUser.m */; };
		53D36F76175A545B00F5BA5A /* SOAccount.m in Sources */ = {isa = PBXBuildFile; fileRef = 53D36F3E175A545A00F5BA5A /* SOAccount.m */; };
		53D36F77175A545B00F5BA5A /* SOAccountCredential.m in Sources */ = {isa = PBXBuildFile; fileRef = 53D36F40175A545A00F5BA5A /* SOAccountCredential.m */; };
		53D36F78175A545B00F5BA5A /* SOAccountStore.m in Sources */ = {isa = PBXBuildFile; fileRef = 53D36F42175A545A00F5BA5A /* SOAccountStore.m */; };
		53D36F79175A545B00F5BA5A /* SOAccountType.m in Sources */ = {isa = PBXBuildFile; fileRef = 53D36F44175A545A00F5BA5A /* SOAccountType.m */; };
		53D36F7A175A545B00F5BA5A /* SocialAccounts.bundle in Resources */ = {isa = PBXBuildFile; fileRef = 53D36F45175A545A00F5BA5A /* SocialAccounts.bundle */; };
		53D36F7B175A545B00F5BA5A /* SOOAuth1ViewController.m in Sources */ = {isa = PBXBuildFile; fileRef = 53D36F48175A545B00F5BA5A /* SOOAuth1ViewController.m */; };
		53D36F7C175A545B00F5BA5A /* SOOAuth2ClientViewController.m in Sources */ = {isa = PBXBuildFile; fileRef = 53D36F4A175A545B00F5BA5A /* SOOAuth2ClientViewController.m */; };
		53D36F7D175A545B00F5BA5A /* SOOAuth2ViewController.m in Sources */ = {isa = PBXBuildFile; fileRef = 53D36F4C175A545B00F5BA5A /* SOOAuth2ViewController.m */; };
		53D36F7E175A545B00F5BA5A /* SOSessionAuthViewController.m in Sources */ = {isa = PBXBuildFile; fileRef = 53D36F4E175A545B00F5BA5A /* SOSessionAuthViewController.m */; };
		53D36F7F175A545B00F5BA5A /* SOTumblrAPIClient.m in Sources */ = {isa = PBXBuildFile; fileRef = 53D36F52175A545B00F5BA5A /* SOTumblrAPIClient.m */; };
		53D36F80175A545B00F5BA5A /* SOTumblrBlog.m in Sources */ = {isa = PBXBuildFile; fileRef = 53D36F54175A545B00F5BA5A /* SOTumblrBlog.m */; };
		53D36F81175A545B00F5BA5A /* SOTumblrUser.m in Sources */ = {isa = PBXBuildFile; fileRef = 53D36F56175A545B00F5BA5A /* SOTumblrUser.m */; };
		53D36F82175A545B00F5BA5A /* SOTwitterAPIClient.m in Sources */ = {isa = PBXBuildFile; fileRef = 53D36F59175A545B00F5BA5A /* SOTwitterAPIClient.m */; };
		53D36F83175A545B00F5BA5A /* SOTwitterUser.m in Sources */ = {isa = PBXBuildFile; fileRef = 53D36F5B175A545B00F5BA5A /* SOTwitterUser.m */; };
		53D36F84175A545B00F5BA5A /* SOVineAPIClient.m in Sources */ = {isa = PBXBuildFile; fileRef = 53D36F5E175A545B00F5BA5A /* SOVineAPIClient.m */; };
		53D36F85175A545B00F5BA5A /* SOVineUser.m in Sources */ = {isa = PBXBuildFile; fileRef = 53D36F60175A545B00F5BA5A /* SOVineUser.m */; };
		53D36F86175A545B00F5BA5A /* SOVotoAPIClient.m in Sources */ = {isa = PBXBuildFile; fileRef = 53D36F63175A545B00F5BA5A /* SOVotoAPIClient.m */; };
		53D36F87175A545B00F5BA5A /* SOVotoUser.m in Sources */ = {isa = PBXBuildFile; fileRef = 53D36F65175A545B00F5BA5A /* SOVotoUser.m */; };
/* End PBXBuildFile section */

/* Begin PBXFileReference section */
		530AF0ED186495760019998A /* SOAppNetAPIClient.h */ = {isa = PBXFileReference; fileEncoding = 4; lastKnownFileType = sourcecode.c.h; path = SOAppNetAPIClient.h; sourceTree = "<group>"; };
		530AF0EE186495760019998A /* SOAppNetAPIClient.m */ = {isa = PBXFileReference; fileEncoding = 4; lastKnownFileType = sourcecode.c.objc; path = SOAppNetAPIClient.m; sourceTree = "<group>"; };
		530AF0EF186495760019998A /* SOAppNetUser.h */ = {isa = PBXFileReference; fileEncoding = 4; lastKnownFileType = sourcecode.c.h; path = SOAppNetUser.h; sourceTree = "<group>"; };
		530AF0F0186495760019998A /* SOAppNetUser.m */ = {isa = PBXFileReference; fileEncoding = 4; lastKnownFileType = sourcecode.c.objc; path = SOAppNetUser.m; sourceTree = "<group>"; };
		530AF0F4186495800019998A /* SOLinkedInAPIClient.h */ = {isa = PBXFileReference; fileEncoding = 4; lastKnownFileType = sourcecode.c.h; path = SOLinkedInAPIClient.h; sourceTree = "<group>"; };
		530AF0F5186495800019998A /* SOLinkedInAPIClient.m */ = {isa = PBXFileReference; fileEncoding = 4; lastKnownFileType = sourcecode.c.objc; path = SOLinkedInAPIClient.m; sourceTree = "<group>"; };
		530AF0F6186495800019998A /* SOLinkedInUser.h */ = {isa = PBXFileReference; fileEncoding = 4; lastKnownFileType = sourcecode.c.h; path = SOLinkedInUser.h; sourceTree = "<group>"; };
		530AF0F7186495800019998A /* SOLinkedInUser.m */ = {isa = PBXFileReference; fileEncoding = 4; lastKnownFileType = sourcecode.c.objc; path = SOLinkedInUser.m; sourceTree = "<group>"; };
		530AF0FC186496DA0019998A /* AFHTTPRequestOperation.h */ = {isa = PBXFileReference; fileEncoding = 4; lastKnownFileType = sourcecode.c.h; path = AFHTTPRequestOperation.h; sourceTree = "<group>"; };
		530AF0FD186496DA0019998A /* AFHTTPRequestOperation.m */ = {isa = PBXFileReference; fileEncoding = 4; lastKnownFileType = sourcecode.c.objc; path = AFHTTPRequestOperation.m; sourceTree = "<group>"; };
		530AF0FE186496DA0019998A /* AFHTTPRequestOperationManager.h */ = {isa = PBXFileReference; fileEncoding = 4; lastKnownFileType = sourcecode.c.h; path = AFHTTPRequestOperationManager.h; sourceTree = "<group>"; };
		530AF0FF186496DA0019998A /* AFHTTPRequestOperationManager.m */ = {isa = PBXFileReference; fileEncoding = 4; lastKnownFileType = sourcecode.c.objc; path = AFHTTPRequestOperationManager.m; sourceTree = "<group>"; };
		530AF100186496DA0019998A /* AFHTTPSessionManager.h */ = {isa = PBXFileReference; fileEncoding = 4; lastKnownFileType = sourcecode.c.h; path = AFHTTPSessionManager.h; sourceTree = "<group>"; };
		530AF101186496DA0019998A /* AFHTTPSessionManager.m */ = {isa = PBXFileReference; fileEncoding = 4; lastKnownFileType = sourcecode.c.objc; path = AFHTTPSessionManager.m; sourceTree = "<group>"; };
		530AF102186496DA0019998A /* AFNetworking.h */ = {isa = PBXFileReference; fileEncoding = 4; lastKnownFileType = sourcecode.c.h; path = AFNetworking.h; sourceTree = "<group>"; };
		530AF103186496DA0019998A /* AFNetworkReachabilityManager.h */ = {isa = PBXFileReference; fileEncoding = 4; lastKnownFileType = sourcecode.c.h; path = AFNetworkReachabilityManager.h; sourceTree = "<group>"; };
		530AF104186496DA0019998A /* AFNetworkReachabilityManager.m */ = {isa = PBXFileReference; fileEncoding = 4; lastKnownFileType = sourcecode.c.objc; path = AFNetworkReachabilityManager.m; sourceTree = "<group>"; };
		530AF105186496DA0019998A /* AFSecurityPolicy.h */ = {isa = PBXFileReference; fileEncoding = 4; lastKnownFileType = sourcecode.c.h; path = AFSecurityPolicy.h; sourceTree = "<group>"; };
		530AF106186496DA0019998A /* AFSecurityPolicy.m */ = {isa = PBXFileReference; fileEncoding = 4; lastKnownFileType = sourcecode.c.objc; path = AFSecurityPolicy.m; sourceTree = "<group>"; };
		530AF107186496DA0019998A /* AFURLConnectionOperation.h */ = {isa = PBXFileReference; fileEncoding = 4; lastKnownFileType = sourcecode.c.h; path = AFURLConnectionOperation.h; sourceTree = "<group>"; };
		530AF108186496DA0019998A /* AFURLConnectionOperation.m */ = {isa = PBXFileReference; fileEncoding = 4; lastKnownFileType = sourcecode.c.objc; path = AFURLConnectionOperation.m; sourceTree = "<group>"; };
		530AF109186496DA0019998A /* AFURLRequestSerialization.h */ = {isa = PBXFileReference; fileEncoding = 4; lastKnownFileType = sourcecode.c.h; path = AFURLRequestSerialization.h; sourceTree = "<group>"; };
		530AF10A186496DA0019998A /* AFURLRequestSerialization.m */ = {isa = PBXFileReference; fileEncoding = 4; lastKnownFileType = sourcecode.c.objc; path = AFURLRequestSerialization.m; sourceTree = "<group>"; };
		530AF10B186496DA0019998A /* AFURLResponseSerialization.h */ = {isa = PBXFileReference; fileEncoding = 4; lastKnownFileType = sourcecode.c.h; path = AFURLResponseSerialization.h; sourceTree = "<group>"; };
		530AF10C186496DA0019998A /* AFURLResponseSerialization.m */ = {isa = PBXFileReference; fileEncoding = 4; lastKnownFileType = sourcecode.c.objc; path = AFURLResponseSerialization.m; sourceTree = "<group>"; };
		530AF10D186496DA0019998A /* AFURLSessionManager.h */ = {isa = PBXFileReference; fileEncoding = 4; lastKnownFileType = sourcecode.c.h; path = AFURLSessionManager.h; sourceTree = "<group>"; };
		530AF10E186496DA0019998A /* AFURLSessionManager.m */ = {isa = PBXFileReference; fileEncoding = 4; lastKnownFileType = sourcecode.c.objc; path = AFURLSessionManager.m; sourceTree = "<group>"; };
		5340E81716BED59300C53EF5 /* AppDelegate.h */ = {isa = PBXFileReference; fileEncoding = 4; lastKnownFileType = sourcecode.c.h; name = AppDelegate.h; path = SocialAccountsSample/AppDelegate.h; sourceTree = SOURCE_ROOT; };
		5340E81816BED59300C53EF5 /* AppDelegate.m */ = {isa = PBXFileReference; fileEncoding = 4; lastKnownFileType = sourcecode.c.objc; name = AppDelegate.m; path = SocialAccountsSample/AppDelegate.m; sourceTree = SOURCE_ROOT; };
		5340E81916BED59300C53EF5 /* Default-568h@2x.png */ = {isa = PBXFileReference; lastKnownFileType = image.png; name = "Default-568h@2x.png"; path = "SocialAccountsSample/Default-568h@2x.png"; sourceTree = SOURCE_ROOT; };
		5340E81A16BED59300C53EF5 /* Default.png */ = {isa = PBXFileReference; lastKnownFileType = image.png; name = Default.png; path = SocialAccountsSample/Default.png; sourceTree = SOURCE_ROOT; };
		5340E81B16BED59300C53EF5 /* Default@2x.png */ = {isa = PBXFileReference; lastKnownFileType = image.png; name = "Default@2x.png"; path = "SocialAccountsSample/Default@2x.png"; sourceTree = SOURCE_ROOT; };
		5340E81C16BED59300C53EF5 /* main.m */ = {isa = PBXFileReference; fileEncoding = 4; lastKnownFileType = sourcecode.c.objc; name = main.m; path = SocialAccountsSample/main.m; sourceTree = SOURCE_ROOT; };
		5340E81D16BED59300C53EF5 /* SocialAccountsSample-Info.plist */ = {isa = PBXFileReference; fileEncoding = 4; lastKnownFileType = text.plist.xml; name = "SocialAccountsSample-Info.plist"; path = "SocialAccountsSample/SocialAccountsSample-Info.plist"; sourceTree = SOURCE_ROOT; };
		5340E81E16BED59300C53EF5 /* SocialAccountsSample-Prefix.pch */ = {isa = PBXFileReference; fileEncoding = 4; lastKnownFileType = sourcecode.c.h; name = "SocialAccountsSample-Prefix.pch"; path = "SocialAccountsSample/SocialAccountsSample-Prefix.pch"; sourceTree = SOURCE_ROOT; };
		5340E81F16BED59300C53EF5 /* ViewController.h */ = {isa = PBXFileReference; fileEncoding = 4; lastKnownFileType = sourcecode.c.h; name = ViewController.h; path = SocialAccountsSample/ViewController.h; sourceTree = SOURCE_ROOT; };
		5340E82016BED59300C53EF5 /* ViewController.m */ = {isa = PBXFileReference; fileEncoding = 4; lastKnownFileType = sourcecode.c.objc; name = ViewController.m; path = SocialAccountsSample/ViewController.m; sourceTree = SOURCE_ROOT; };
		5340E82916BED6DD00C53EF5 /* en */ = {isa = PBXFileReference; lastKnownFileType = text.plist.strings; name = en; path = SocialAccountsSample/en.lproj/InfoPlist.strings; sourceTree = SOURCE_ROOT; };
		5340E82B16BED6DD00C53EF5 /* en */ = {isa = PBXFileReference; lastKnownFileType = file.storyboard; name = en; path = SocialAccountsSample/en.lproj/MainStoryboard.storyboard; sourceTree = SOURCE_ROOT; };
		5340E83516BEDA8300C53EF5 /* Accounts.framework */ = {isa = PBXFileReference; lastKnownFileType = wrapper.framework; name = Accounts.framework; path = System/Library/Frameworks/Accounts.framework; sourceTree = SDKROOT; };
		538E652B16BF33C9005B6350 /* GTMOAuthAuthentication.h */ = {isa = PBXFileReference; fileEncoding = 4; lastKnownFileType = sourcecode.c.h; path = GTMOAuthAuthentication.h; sourceTree = "<group>"; };
		538E652C16BF33C9005B6350 /* GTMOAuthAuthentication.m */ = {isa = PBXFileReference; fileEncoding = 4; lastKnownFileType = sourcecode.c.objc; path = GTMOAuthAuthentication.m; sourceTree = "<group>"; };
		538E652D16BF33C9005B6350 /* GTMOAuthSignIn.h */ = {isa = PBXFileReference; fileEncoding = 4; lastKnownFileType = sourcecode.c.h; path = GTMOAuthSignIn.h; sourceTree = "<group>"; };
		538E652E16BF33C9005B6350 /* GTMOAuthSignIn.m */ = {isa = PBXFileReference; fileEncoding = 4; lastKnownFileType = sourcecode.c.objc; path = GTMOAuthSignIn.m; sourceTree = "<group>"; };
		538E652F16BF33C9005B6350 /* GTMOAuthViewControllerTouch.h */ = {isa = PBXFileReference; fileEncoding = 4; lastKnownFileType = sourcecode.c.h; path = GTMOAuthViewControllerTouch.h; sourceTree = "<group>"; };
		538E653016BF33C9005B6350 /* GTMOAuthViewControllerTouch.m */ = {isa = PBXFileReference; fileEncoding = 4; lastKnownFileType = sourcecode.c.objc; path = GTMOAuthViewControllerTouch.m; sourceTree = "<group>"; };
		538E653116BF33C9005B6350 /* GTMOAuthViewTouch.xib */ = {isa = PBXFileReference; fileEncoding = 4; lastKnownFileType = file.xib; path = GTMOAuthViewTouch.xib; sourceTree = "<group>"; };
		538E653316BF33C9005B6350 /* GTMOAuth2Authentication.h */ = {isa = PBXFileReference; fileEncoding = 4; lastKnownFileType = sourcecode.c.h; path = GTMOAuth2Authentication.h; sourceTree = "<group>"; };
		538E653416BF33C9005B6350 /* GTMOAuth2Authentication.m */ = {isa = PBXFileReference; fileEncoding = 4; lastKnownFileType = sourcecode.c.objc; path = GTMOAuth2Authentication.m; sourceTree = "<group>"; };
		538E653516BF33C9005B6350 /* GTMOAuth2SignIn.h */ = {isa = PBXFileReference; fileEncoding = 4; lastKnownFileType = sourcecode.c.h; path = GTMOAuth2SignIn.h; sourceTree = "<group>"; };
		538E653616BF33C9005B6350 /* GTMOAuth2SignIn.m */ = {isa = PBXFileReference; fileEncoding = 4; lastKnownFileType = sourcecode.c.objc; path = GTMOAuth2SignIn.m; sourceTree = "<group>"; };
		538E653716BF33C9005B6350 /* GTMOAuth2ViewControllerTouch.h */ = {isa = PBXFileReference; fileEncoding = 4; lastKnownFileType = sourcecode.c.h; path = GTMOAuth2ViewControllerTouch.h; sourceTree = "<group>"; };
		538E653816BF33C9005B6350 /* GTMOAuth2ViewControllerTouch.m */ = {isa = PBXFileReference; fileEncoding = 4; lastKnownFileType = sourcecode.c.objc; path = GTMOAuth2ViewControllerTouch.m; sourceTree = "<group>"; };
		538E653916BF33C9005B6350 /* GTMOAuth2ViewTouch.xib */ = {isa = PBXFileReference; fileEncoding = 4; lastKnownFileType = file.xib; path = GTMOAuth2ViewTouch.xib; sourceTree = "<group>"; };
		538E656116BF346B005B6350 /* GTMHTTPFetcher.h */ = {isa = PBXFileReference; fileEncoding = 4; lastKnownFileType = sourcecode.c.h; path = GTMHTTPFetcher.h; sourceTree = "<group>"; };
		538E656216BF346B005B6350 /* GTMHTTPFetcher.m */ = {isa = PBXFileReference; fileEncoding = 4; lastKnownFileType = sourcecode.c.objc; path = GTMHTTPFetcher.m; sourceTree = "<group>"; };
		538E656316BF346B005B6350 /* GTMHTTPFetcherService.h */ = {isa = PBXFileReference; fileEncoding = 4; lastKnownFileType = sourcecode.c.h; path = GTMHTTPFetcherService.h; sourceTree = "<group>"; };
		538E656416BF346B005B6350 /* GTMHTTPFetcherService.m */ = {isa = PBXFileReference; fileEncoding = 4; lastKnownFileType = sourcecode.c.objc; path = GTMHTTPFetcherService.m; sourceTree = "<group>"; };
		538E656516BF346B005B6350 /* GTMHTTPFetchHistory.h */ = {isa = PBXFileReference; fileEncoding = 4; lastKnownFileType = sourcecode.c.h; path = GTMHTTPFetchHistory.h; sourceTree = "<group>"; };
		538E656616BF346B005B6350 /* GTMHTTPFetchHistory.m */ = {isa = PBXFileReference; fileEncoding = 4; lastKnownFileType = sourcecode.c.objc; path = GTMHTTPFetchHistory.m; sourceTree = "<group>"; };
		53B5BE6416B4609200D2EBB1 /* SocialAccountsSample.app */ = {isa = PBXFileReference; explicitFileType = wrapper.application; includeInIndex = 0; path = SocialAccountsSample.app; sourceTree = BUILT_PRODUCTS_DIR; };
		53B5BE6816B4609200D2EBB1 /* UIKit.framework */ = {isa = PBXFileReference; lastKnownFileType = wrapper.framework; name = UIKit.framework; path = System/Library/Frameworks/UIKit.framework; sourceTree = SDKROOT; };
		53B5BE6A16B4609200D2EBB1 /* Foundation.framework */ = {isa = PBXFileReference; lastKnownFileType = wrapper.framework; name = Foundation.framework; path = System/Library/Frameworks/Foundation.framework; sourceTree = SDKROOT; };
		53B5BE6C16B4609200D2EBB1 /* CoreGraphics.framework */ = {isa = PBXFileReference; lastKnownFileType = wrapper.framework; name = CoreGraphics.framework; path = System/Library/Frameworks/CoreGraphics.framework; sourceTree = SDKROOT; };
		53B5BECC16B4642200D2EBB1 /* SystemConfiguration.framework */ = {isa = PBXFileReference; lastKnownFileType = wrapper.framework; name = SystemConfiguration.framework; path = System/Library/Frameworks/SystemConfiguration.framework; sourceTree = SDKROOT; };
		53B5BECE16B4643100D2EBB1 /* Security.framework */ = {isa = PBXFileReference; lastKnownFileType = wrapper.framework; name = Security.framework; path = System/Library/Frameworks/Security.framework; sourceTree = SDKROOT; };
		53D36F16175A545A00F5BA5A /* SODribbbleAPIClient.h */ = {isa = PBXFileReference; fileEncoding = 4; lastKnownFileType = sourcecode.c.h; path = SODribbbleAPIClient.h; sourceTree = "<group>"; };
		53D36F17175A545A00F5BA5A /* SODribbbleAPIClient.m */ = {isa = PBXFileReference; fileEncoding = 4; lastKnownFileType = sourcecode.c.objc; path = SODribbbleAPIClient.m; sourceTree = "<group>"; };
		53D36F18175A545A00F5BA5A /* SODribbbleUser.h */ = {isa = PBXFileReference; fileEncoding = 4; lastKnownFileType = sourcecode.c.h; path = SODribbbleUser.h; sourceTree = "<group>"; };
		53D36F19175A545A00F5BA5A /* SODribbbleUser.m */ = {isa = PBXFileReference; fileEncoding = 4; lastKnownFileType = sourcecode.c.objc; path = SODribbbleUser.m; sourceTree = "<group>"; };
		53D36F1B175A545A00F5BA5A /* SOFacebookAPIClient.h */ = {isa = PBXFileReference; fileEncoding = 4; lastKnownFileType = sourcecode.c.h; path = SOFacebookAPIClient.h; sourceTree = "<group>"; };
		53D36F1C175A545A00F5BA5A /* SOFacebookAPIClient.m */ = {isa = PBXFileReference; fileEncoding = 4; lastKnownFileType = sourcecode.c.objc; path = SOFacebookAPIClient.m; sourceTree = "<group>"; };
		53D36F1D175A545A00F5BA5A /* SOFacebookUser.h */ = {isa = PBXFileReference; fileEncoding = 4; lastKnownFileType = sourcecode.c.h; path = SOFacebookUser.h; sourceTree = "<group>"; };
		53D36F1E175A545A00F5BA5A /* SOFacebookUser.m */ = {isa = PBXFileReference; fileEncoding = 4; lastKnownFileType = sourcecode.c.objc; path = SOFacebookUser.m; sourceTree = "<group>"; };
		53D36F20175A545A00F5BA5A /* SOFiveHundredspxAPIClient.h */ = {isa = PBXFileReference; fileEncoding = 4; lastKnownFileType = sourcecode.c.h; path = SOFiveHundredspxAPIClient.h; sourceTree = "<group>"; };
		53D36F21175A545A00F5BA5A /* SOFiveHundredspxAPIClient.m */ = {isa = PBXFileReference; fileEncoding = 4; lastKnownFileType = sourcecode.c.objc; path = SOFiveHundredspxAPIClient.m; sourceTree = "<group>"; };
		53D36F22175A545A00F5BA5A /* SOFiveHundredspxUser.h */ = {isa = PBXFileReference; fileEncoding = 4; lastKnownFileType = sourcecode.c.h; path = SOFiveHundredspxUser.h; sourceTree = "<group>"; };
		53D36F23175A545A00F5BA5A /* SOFiveHundredspxUser.m */ = {isa = PBXFileReference; fileEncoding = 4; lastKnownFileType = sourcecode.c.objc; path = SOFiveHundredspxUser.m; sourceTree = "<group>"; };
		53D36F25175A545A00F5BA5A /* SOFoursquareAPIClient.h */ = {isa = PBXFileReference; fileEncoding = 4; lastKnownFileType = sourcecode.c.h; path = SOFoursquareAPIClient.h; sourceTree = "<group>"; };
		53D36F26175A545A00F5BA5A /* SOFoursquareAPIClient.m */ = {isa = PBXFileReference; fileEncoding = 4; lastKnownFileType = sourcecode.c.objc; path = SOFoursquareAPIClient.m; sourceTree = "<group>"; };
		53D36F27175A545A00F5BA5A /* SOFoursquareUser.h */ = {isa = PBXFileReference; fileEncoding = 4; lastKnownFileType = sourcecode.c.h; path = SOFoursquareUser.h; sourceTree = "<group>"; };
		53D36F28175A545A00F5BA5A /* SOFoursquareUser.m */ = {isa = PBXFileReference; fileEncoding = 4; lastKnownFileType = sourcecode.c.objc; path = SOFoursquareUser.m; sourceTree = "<group>"; };
		53D36F2A175A545A00F5BA5A /* SOGithubAPIClient.h */ = {isa = PBXFileReference; fileEncoding = 4; lastKnownFileType = sourcecode.c.h; path = SOGithubAPIClient.h; sourceTree = "<group>"; };
		53D36F2B175A545A00F5BA5A /* SOGithubAPIClient.m */ = {isa = PBXFileReference; fileEncoding = 4; lastKnownFileType = sourcecode.c.objc; path = SOGithubAPIClient.m; sourceTree = "<group>"; };
		53D36F2C175A545A00F5BA5A /* SOGithubUser.h */ = {isa = PBXFileReference; fileEncoding = 4; lastKnownFileType = sourcecode.c.h; path = SOGithubUser.h; sourceTree = "<group>"; };
		53D36F2D175A545A00F5BA5A /* SOGithubUser.m */ = {isa = PBXFileReference; fileEncoding = 4; lastKnownFileType = sourcecode.c.objc; path = SOGithubUser.m; sourceTree = "<group>"; };
		53D36F2F175A545A00F5BA5A /* SOGooglePlusAPIClient.h */ = {isa = PBXFileReference; fileEncoding = 4; lastKnownFileType = sourcecode.c.h; path = SOGooglePlusAPIClient.h; sourceTree = "<group>"; };
		53D36F30175A545A00F5BA5A /* SOGooglePlusAPIClient.m */ = {isa = PBXFileReference; fileEncoding = 4; lastKnownFileType = sourcecode.c.objc; path = SOGooglePlusAPIClient.m; sourceTree = "<group>"; };
		53D36F31175A545A00F5BA5A /* SOGooglePlusUser.h */ = {isa = PBXFileReference; fileEncoding = 4; lastKnownFileType = sourcecode.c.h; path = SOGooglePlusUser.h; sourceTree = "<group>"; };
		53D36F32175A545A00F5BA5A /* SOGooglePlusUser.m */ = {isa = PBXFileReference; fileEncoding = 4; lastKnownFileType = sourcecode.c.objc; path = SOGooglePlusUser.m; sourceTree = "<group>"; };
		53D36F34175A545A00F5BA5A /* SOInstagramAPIClient.h */ = {isa = PBXFileReference; fileEncoding = 4; lastKnownFileType = sourcecode.c.h; path = SOInstagramAPIClient.h; sourceTree = "<group>"; };
		53D36F35175A545A00F5BA5A /* SOInstagramAPIClient.m */ = {isa = PBXFileReference; fileEncoding = 4; lastKnownFileType = sourcecode.c.objc; path = SOInstagramAPIClient.m; sourceTree = "<group>"; };
		53D36F36175A545A00F5BA5A /* SOInstagramUser.h */ = {isa = PBXFileReference; fileEncoding = 4; lastKnownFileType = sourcecode.c.h; path = SOInstagramUser.h; sourceTree = "<group>"; };
		53D36F37175A545A00F5BA5A /* SOInstagramUser.m */ = {isa = PBXFileReference; fileEncoding = 4; lastKnownFileType = sourcecode.c.objc; path = SOInstagramUser.m; sourceTree = "<group>"; };
		53D36F3D175A545A00F5BA5A /* SOAccount.h */ = {isa = PBXFileReference; fileEncoding = 4; lastKnownFileType = sourcecode.c.h; path = SOAccount.h; sourceTree = "<group>"; };
		53D36F3E175A545A00F5BA5A /* SOAccount.m */ = {isa = PBXFileReference; fileEncoding = 4; lastKnownFileType = sourcecode.c.objc; path = SOAccount.m; sourceTree = "<group>"; };
		53D36F3F175A545A00F5BA5A /* SOAccountCredential.h */ = {isa = PBXFileReference; fileEncoding = 4; lastKnownFileType = sourcecode.c.h; path = SOAccountCredential.h; sourceTree = "<group>"; };
		53D36F40175A545A00F5BA5A /* SOAccountCredential.m */ = {isa = PBXFileReference; fileEncoding = 4; lastKnownFileType = sourcecode.c.objc; path = SOAccountCredential.m; sourceTree = "<group>"; };
		53D36F41175A545A00F5BA5A /* SOAccountStore.h */ = {isa = PBXFileReference; fileEncoding = 4; lastKnownFileType = sourcecode.c.h; path = SOAccountStore.h; sourceTree = "<group>"; };
		53D36F42175A545A00F5BA5A /* SOAccountStore.m */ = {isa = PBXFileReference; fileEncoding = 4; lastKnownFileType = sourcecode.c.objc; path = SOAccountStore.m; sourceTree = "<group>"; };
		53D36F43175A545A00F5BA5A /* SOAccountType.h */ = {isa = PBXFileReference; fileEncoding = 4; lastKnownFileType = sourcecode.c.h; path = SOAccountType.h; sourceTree = "<group>"; };
		53D36F44175A545A00F5BA5A /* SOAccountType.m */ = {isa = PBXFileReference; fileEncoding = 4; lastKnownFileType = sourcecode.c.objc; path = SOAccountType.m; sourceTree = "<group>"; };
		53D36F45175A545A00F5BA5A /* SocialAccounts.bundle */ = {isa = PBXFileReference; lastKnownFileType = "wrapper.plug-in"; path = SocialAccounts.bundle; sourceTree = "<group>"; };
		53D36F46175A545A00F5BA5A /* SocialAccounts.h */ = {isa = PBXFileReference; fileEncoding = 4; lastKnownFileType = sourcecode.c.h; path = SocialAccounts.h; sourceTree = "<group>"; };
		53D36F47175A545B00F5BA5A /* SOOAuth1ViewController.h */ = {isa = PBXFileReference; fileEncoding = 4; lastKnownFileType = sourcecode.c.h; path = SOOAuth1ViewController.h; sourceTree = "<group>"; };
		53D36F48175A545B00F5BA5A /* SOOAuth1ViewController.m */ = {isa = PBXFileReference; fileEncoding = 4; lastKnownFileType = sourcecode.c.objc; path = SOOAuth1ViewController.m; sourceTree = "<group>"; };
		53D36F49175A545B00F5BA5A /* SOOAuth2ClientViewController.h */ = {isa = PBXFileReference; fileEncoding = 4; lastKnownFileType = sourcecode.c.h; path = SOOAuth2ClientViewController.h; sourceTree = "<group>"; };
		53D36F4A175A545B00F5BA5A /* SOOAuth2ClientViewController.m */ = {isa = PBXFileReference; fileEncoding = 4; lastKnownFileType = sourcecode.c.objc; path = SOOAuth2ClientViewController.m; sourceTree = "<group>"; };
		53D36F4B175A545B00F5BA5A /* SOOAuth2ViewController.h */ = {isa = PBXFileReference; fileEncoding = 4; lastKnownFileType = sourcecode.c.h; path = SOOAuth2ViewController.h; sourceTree = "<group>"; };
		53D36F4C175A545B00F5BA5A /* SOOAuth2ViewController.m */ = {isa = PBXFileReference; fileEncoding = 4; lastKnownFileType = sourcecode.c.objc; path = SOOAuth2ViewController.m; sourceTree = "<group>"; };
		53D36F4D175A545B00F5BA5A /* SOSessionAuthViewController.h */ = {isa = PBXFileReference; fileEncoding = 4; lastKnownFileType = sourcecode.c.h; path = SOSessionAuthViewController.h; sourceTree = "<group>"; };
		53D36F4E175A545B00F5BA5A /* SOSessionAuthViewController.m */ = {isa = PBXFileReference; fileEncoding = 4; lastKnownFileType = sourcecode.c.objc; path = SOSessionAuthViewController.m; sourceTree = "<group>"; };
		53D36F4F175A545B00F5BA5A /* SOUser.h */ = {isa = PBXFileReference; fileEncoding = 4; lastKnownFileType = sourcecode.c.h; path = SOUser.h; sourceTree = "<group>"; };
		53D36F51175A545B00F5BA5A /* SOTumblrAPIClient.h */ = {isa = PBXFileReference; fileEncoding = 4; lastKnownFileType = sourcecode.c.h; path = SOTumblrAPIClient.h; sourceTree = "<group>"; };
		53D36F52175A545B00F5BA5A /* SOTumblrAPIClient.m */ = {isa = PBXFileReference; fileEncoding = 4; lastKnownFileType = sourcecode.c.objc; path = SOTumblrAPIClient.m; sourceTree = "<group>"; };
		53D36F53175A545B00F5BA5A /* SOTumblrBlog.h */ = {isa = PBXFileReference; fileEncoding = 4; lastKnownFileType = sourcecode.c.h; path = SOTumblrBlog.h; sourceTree = "<group>"; };
		53D36F54175A545B00F5BA5A /* SOTumblrBlog.m */ = {isa = PBXFileReference; fileEncoding = 4; lastKnownFileType = sourcecode.c.objc; path = SOTumblrBlog.m; sourceTree = "<group>"; };
		53D36F55175A545B00F5BA5A /* SOTumblrUser.h */ = {isa = PBXFileReference; fileEncoding = 4; lastKnownFileType = sourcecode.c.h; path = SOTumblrUser.h; sourceTree = "<group>"; };
		53D36F56175A545B00F5BA5A /* SOTumblrUser.m */ = {isa = PBXFileReference; fileEncoding = 4; lastKnownFileType = sourcecode.c.objc; path = SOTumblrUser.m; sourceTree = "<group>"; };
		53D36F58175A545B00F5BA5A /* SOTwitterAPIClient.h */ = {isa = PBXFileReference; fileEncoding = 4; lastKnownFileType = sourcecode.c.h; path = SOTwitterAPIClient.h; sourceTree = "<group>"; };
		53D36F59175A545B00F5BA5A /* SOTwitterAPIClient.m */ = {isa = PBXFileReference; fileEncoding = 4; lastKnownFileType = sourcecode.c.objc; path = SOTwitterAPIClient.m; sourceTree = "<group>"; };
		53D36F5A175A545B00F5BA5A /* SOTwitterUser.h */ = {isa = PBXFileReference; fileEncoding = 4; lastKnownFileType = sourcecode.c.h; path = SOTwitterUser.h; sourceTree = "<group>"; };
		53D36F5B175A545B00F5BA5A /* SOTwitterUser.m */ = {isa = PBXFileReference; fileEncoding = 4; lastKnownFileType = sourcecode.c.objc; path = SOTwitterUser.m; sourceTree = "<group>"; };
		53D36F5D175A545B00F5BA5A /* SOVineAPIClient.h */ = {isa = PBXFileReference; fileEncoding = 4; lastKnownFileType = sourcecode.c.h; path = SOVineAPIClient.h; sourceTree = "<group>"; };
		53D36F5E175A545B00F5BA5A /* SOVineAPIClient.m */ = {isa = PBXFileReference; fileEncoding = 4; lastKnownFileType = sourcecode.c.objc; path = SOVineAPIClient.m; sourceTree = "<group>"; };
		53D36F5F175A545B00F5BA5A /* SOVineUser.h */ = {isa = PBXFileReference; fileEncoding = 4; lastKnownFileType = sourcecode.c.h; path = SOVineUser.h; sourceTree = "<group>"; };
		53D36F60175A545B00F5BA5A /* SOVineUser.m */ = {isa = PBXFileReference; fileEncoding = 4; lastKnownFileType = sourcecode.c.objc; path = SOVineUser.m; sourceTree = "<group>"; };
		53D36F62175A545B00F5BA5A /* SOVotoAPIClient.h */ = {isa = PBXFileReference; fileEncoding = 4; lastKnownFileType = sourcecode.c.h; path = SOVotoAPIClient.h; sourceTree = "<group>"; };
		53D36F63175A545B00F5BA5A /* SOVotoAPIClient.m */ = {isa = PBXFileReference; fileEncoding = 4; lastKnownFileType = sourcecode.c.objc; path = SOVotoAPIClient.m; sourceTree = "<group>"; };
		53D36F64175A545B00F5BA5A /* SOVotoUser.h */ = {isa = PBXFileReference; fileEncoding = 4; lastKnownFileType = sourcecode.c.h; path = SOVotoUser.h; sourceTree = "<group>"; };
		53D36F65175A545B00F5BA5A /* SOVotoUser.m */ = {isa = PBXFileReference; fileEncoding = 4; lastKnownFileType = sourcecode.c.objc; path = SOVotoUser.m; sourceTree = "<group>"; };
/* End PBXFileReference section */

/* Begin PBXFrameworksBuildPhase section */
		53B5BE6116B4609200D2EBB1 /* Frameworks */ = {
			isa = PBXFrameworksBuildPhase;
			buildActionMask = 2147483647;
			files = (
				5340E83616BEDA8300C53EF5 /* Accounts.framework in Frameworks */,
				53B5BE6916B4609200D2EBB1 /* UIKit.framework in Frameworks */,
				53B5BE6B16B4609200D2EBB1 /* Foundation.framework in Frameworks */,
				53B5BE6D16B4609200D2EBB1 /* CoreGraphics.framework in Frameworks */,
				53B5BECD16B4642200D2EBB1 /* SystemConfiguration.framework in Frameworks */,
				53B5BECF16B4643100D2EBB1 /* Security.framework in Frameworks */,
			);
			runOnlyForDeploymentPostprocessing = 0;
		};
/* End PBXFrameworksBuildPhase section */

/* Begin PBXGroup section */
		530AF0EC186495760019998A /* AppNet */ = {
			isa = PBXGroup;
			children = (
				530AF0ED186495760019998A /* SOAppNetAPIClient.h */,
				530AF0EE186495760019998A /* SOAppNetAPIClient.m */,
				530AF0EF186495760019998A /* SOAppNetUser.h */,
				530AF0F0186495760019998A /* SOAppNetUser.m */,
			);
			path = AppNet;
			sourceTree = "<group>";
		};
		530AF0F3186495800019998A /* LinkedIn */ = {
			isa = PBXGroup;
			children = (
				530AF0F4186495800019998A /* SOLinkedInAPIClient.h */,
				530AF0F5186495800019998A /* SOLinkedInAPIClient.m */,
				530AF0F6186495800019998A /* SOLinkedInUser.h */,
				530AF0F7186495800019998A /* SOLinkedInUser.m */,
			);
			path = LinkedIn;
			sourceTree = "<group>";
		};
		530AF0FB186496DA0019998A /* AFNetworking */ = {
			isa = PBXGroup;
			children = (
				530AF0FC186496DA0019998A /* AFHTTPRequestOperation.h */,
				530AF0FD186496DA0019998A /* AFHTTPRequestOperation.m */,
				530AF0FE186496DA0019998A /* AFHTTPRequestOperationManager.h */,
				530AF0FF186496DA0019998A /* AFHTTPRequestOperationManager.m */,
				530AF100186496DA0019998A /* AFHTTPSessionManager.h */,
				530AF101186496DA0019998A /* AFHTTPSessionManager.m */,
				530AF102186496DA0019998A /* AFNetworking.h */,
				530AF103186496DA0019998A /* AFNetworkReachabilityManager.h */,
				530AF104186496DA0019998A /* AFNetworkReachabilityManager.m */,
				530AF105186496DA0019998A /* AFSecurityPolicy.h */,
				530AF106186496DA0019998A /* AFSecurityPolicy.m */,
				530AF107186496DA0019998A /* AFURLConnectionOperation.h */,
				530AF108186496DA0019998A /* AFURLConnectionOperation.m */,
				530AF109186496DA0019998A /* AFURLRequestSerialization.h */,
				530AF10A186496DA0019998A /* AFURLRequestSerialization.m */,
				530AF10B186496DA0019998A /* AFURLResponseSerialization.h */,
				530AF10C186496DA0019998A /* AFURLResponseSerialization.m */,
				530AF10D186496DA0019998A /* AFURLSessionManager.h */,
				530AF10E186496DA0019998A /* AFURLSessionManager.m */,
			);
			name = AFNetworking;
			path = ../Vendor/AFNetworking;
			sourceTree = "<group>";
		};
		530E0C5C16CB3CFA0048AAEE /* Vendor */ = {
			isa = PBXGroup;
			children = (
				530AF0FB186496DA0019998A /* AFNetworking */,
				538E656016BF346B005B6350 /* GTMHTTPFetcher */,
				538E652A16BF33C9005B6350 /* GTMOAuth */,
				538E653216BF33C9005B6350 /* GTMOAuth2 */,
			);
			name = Vendor;
			sourceTree = "<group>";
		};
		538E652A16BF33C9005B6350 /* GTMOAuth */ = {
			isa = PBXGroup;
			children = (
				538E652B16BF33C9005B6350 /* GTMOAuthAuthentication.h */,
				538E652C16BF33C9005B6350 /* GTMOAuthAuthentication.m */,
				538E652D16BF33C9005B6350 /* GTMOAuthSignIn.h */,
				538E652E16BF33C9005B6350 /* GTMOAuthSignIn.m */,
				538E652F16BF33C9005B6350 /* GTMOAuthViewControllerTouch.h */,
				538E653016BF33C9005B6350 /* GTMOAuthViewControllerTouch.m */,
				538E653116BF33C9005B6350 /* GTMOAuthViewTouch.xib */,
			);
			name = GTMOAuth;
			path = ../Vendor/GTMOAuth;
			sourceTree = "<group>";
		};
		538E653216BF33C9005B6350 /* GTMOAuth2 */ = {
			isa = PBXGroup;
			children = (
				538E653316BF33C9005B6350 /* GTMOAuth2Authentication.h */,
				538E653416BF33C9005B6350 /* GTMOAuth2Authentication.m */,
				538E653516BF33C9005B6350 /* GTMOAuth2SignIn.h */,
				538E653616BF33C9005B6350 /* GTMOAuth2SignIn.m */,
				538E653716BF33C9005B6350 /* GTMOAuth2ViewControllerTouch.h */,
				538E653816BF33C9005B6350 /* GTMOAuth2ViewControllerTouch.m */,
				538E653916BF33C9005B6350 /* GTMOAuth2ViewTouch.xib */,
			);
			name = GTMOAuth2;
			path = ../Vendor/GTMOAuth2;
			sourceTree = "<group>";
		};
		538E656016BF346B005B6350 /* GTMHTTPFetcher */ = {
			isa = PBXGroup;
			children = (
				538E656116BF346B005B6350 /* GTMHTTPFetcher.h */,
				538E656216BF346B005B6350 /* GTMHTTPFetcher.m */,
				538E656316BF346B005B6350 /* GTMHTTPFetcherService.h */,
				538E656416BF346B005B6350 /* GTMHTTPFetcherService.m */,
				538E656516BF346B005B6350 /* GTMHTTPFetchHistory.h */,
				538E656616BF346B005B6350 /* GTMHTTPFetchHistory.m */,
			);
			name = GTMHTTPFetcher;
			path = ../Vendor/GTMHTTPFetcher;
			sourceTree = "<group>";
		};
		53B5BE5916B4609200D2EBB1 = {
			isa = PBXGroup;
			children = (
				53D36F14175A545A00F5BA5A /* SocialAccounts */,
				530E0C5C16CB3CFA0048AAEE /* Vendor */,
				53B5BE6E16B4609200D2EBB1 /* SocialAccountsSample */,
				53B5BE6716B4609200D2EBB1 /* Frameworks */,
				53B5BE6516B4609200D2EBB1 /* Products */,
			);
			sourceTree = "<group>";
		};
		53B5BE6516B4609200D2EBB1 /* Products */ = {
			isa = PBXGroup;
			children = (
				53B5BE6416B4609200D2EBB1 /* SocialAccountsSample.app */,
			);
			name = Products;
			sourceTree = "<group>";
		};
		53B5BE6716B4609200D2EBB1 /* Frameworks */ = {
			isa = PBXGroup;
			children = (
				5340E83516BEDA8300C53EF5 /* Accounts.framework */,
				53B5BECE16B4643100D2EBB1 /* Security.framework */,
				53B5BECC16B4642200D2EBB1 /* SystemConfiguration.framework */,
				53B5BE6816B4609200D2EBB1 /* UIKit.framework */,
				53B5BE6A16B4609200D2EBB1 /* Foundation.framework */,
				53B5BE6C16B4609200D2EBB1 /* CoreGraphics.framework */,
			);
			name = Frameworks;
			sourceTree = "<group>";
		};
		53B5BE6E16B4609200D2EBB1 /* SocialAccountsSample */ = {
			isa = PBXGroup;
			children = (
				5340E81716BED59300C53EF5 /* AppDelegate.h */,
				5340E81816BED59300C53EF5 /* AppDelegate.m */,
				5340E81F16BED59300C53EF5 /* ViewController.h */,
				5340E82016BED59300C53EF5 /* ViewController.m */,
				53B5BE6F16B4609200D2EBB1 /* Supporting Files */,
			);
			name = SocialAccountsSample;
			path = PinterestLoginSample;
			sourceTree = "<group>";
		};
		53B5BE6F16B4609200D2EBB1 /* Supporting Files */ = {
			isa = PBXGroup;
			children = (
				5340E82816BED6DC00C53EF5 /* InfoPlist.strings */,
				5340E82A16BED6DD00C53EF5 /* MainStoryboard.storyboard */,
				5340E81916BED59300C53EF5 /* Default-568h@2x.png */,
				5340E81A16BED59300C53EF5 /* Default.png */,
				5340E81B16BED59300C53EF5 /* Default@2x.png */,
				5340E81C16BED59300C53EF5 /* main.m */,
				5340E81D16BED59300C53EF5 /* SocialAccountsSample-Info.plist */,
				5340E81E16BED59300C53EF5 /* SocialAccountsSample-Prefix.pch */,
			);
			name = "Supporting Files";
			sourceTree = "<group>";
		};
		53D36F14175A545A00F5BA5A /* SocialAccounts */ = {
			isa = PBXGroup;
			children = (
				530AF0F3186495800019998A /* LinkedIn */,
				530AF0EC186495760019998A /* AppNet */,
				53D36F15175A545A00F5BA5A /* Dribbble */,
				53D36F1A175A545A00F5BA5A /* Facebook */,
				53D36F1F175A545A00F5BA5A /* FiveHundredspx */,
				53D36F24175A545A00F5BA5A /* Foursquare */,
				53D36F29175A545A00F5BA5A /* Github */,
				53D36F2E175A545A00F5BA5A /* Google */,
				53D36F33175A545A00F5BA5A /* Instagram */,
				53D36F3D175A545A00F5BA5A /* SOAccount.h */,
				53D36F3E175A545A00F5BA5A /* SOAccount.m */,
				53D36F3F175A545A00F5BA5A /* SOAccountCredential.h */,
				53D36F40175A545A00F5BA5A /* SOAccountCredential.m */,
				53D36F41175A545A00F5BA5A /* SOAccountStore.h */,
				53D36F42175A545A00F5BA5A /* SOAccountStore.m */,
				53D36F43175A545A00F5BA5A /* SOAccountType.h */,
				53D36F44175A545A00F5BA5A /* SOAccountType.m */,
				53D36F45175A545A00F5BA5A /* SocialAccounts.bundle */,
				53D36F46175A545A00F5BA5A /* SocialAccounts.h */,
				53D36F47175A545B00F5BA5A /* SOOAuth1ViewController.h */,
				53D36F48175A545B00F5BA5A /* SOOAuth1ViewController.m */,
				53D36F49175A545B00F5BA5A /* SOOAuth2ClientViewController.h */,
				53D36F4A175A545B00F5BA5A /* SOOAuth2ClientViewController.m */,
				53D36F4B175A545B00F5BA5A /* SOOAuth2ViewController.h */,
				53D36F4C175A545B00F5BA5A /* SOOAuth2ViewController.m */,
				53D36F4D175A545B00F5BA5A /* SOSessionAuthViewController.h */,
				53D36F4E175A545B00F5BA5A /* SOSessionAuthViewController.m */,
				53D36F4F175A545B00F5BA5A /* SOUser.h */,
				53D36F50175A545B00F5BA5A /* Tumblr */,
				53D36F57175A545B00F5BA5A /* Twitter */,
				53D36F5C175A545B00F5BA5A /* Vine */,
				53D36F61175A545B00F5BA5A /* Voto */,
			);
			name = SocialAccounts;
			path = ../SocialAccounts;
			sourceTree = "<group>";
		};
		53D36F15175A545A00F5BA5A /* Dribbble */ = {
			isa = PBXGroup;
			children = (
				53D36F16175A545A00F5BA5A /* SODribbbleAPIClient.h */,
				53D36F17175A545A00F5BA5A /* SODribbbleAPIClient.m */,
				53D36F18175A545A00F5BA5A /* SODribbbleUser.h */,
				53D36F19175A545A00F5BA5A /* SODribbbleUser.m */,
			);
			path = Dribbble;
			sourceTree = "<group>";
		};
		53D36F1A175A545A00F5BA5A /* Facebook */ = {
			isa = PBXGroup;
			children = (
				53D36F1B175A545A00F5BA5A /* SOFacebookAPIClient.h */,
				53D36F1C175A545A00F5BA5A /* SOFacebookAPIClient.m */,
				53D36F1D175A545A00F5BA5A /* SOFacebookUser.h */,
				53D36F1E175A545A00F5BA5A /* SOFacebookUser.m */,
			);
			path = Facebook;
			sourceTree = "<group>";
		};
		53D36F1F175A545A00F5BA5A /* FiveHundredspx */ = {
			isa = PBXGroup;
			children = (
				53D36F20175A545A00F5BA5A /* SOFiveHundredspxAPIClient.h */,
				53D36F21175A545A00F5BA5A /* SOFiveHundredspxAPIClient.m */,
				53D36F22175A545A00F5BA5A /* SOFiveHundredspxUser.h */,
				53D36F23175A545A00F5BA5A /* SOFiveHundredspxUser.m */,
			);
			path = FiveHundredspx;
			sourceTree = "<group>";
		};
		53D36F24175A545A00F5BA5A /* Foursquare */ = {
			isa = PBXGroup;
			children = (
				53D36F25175A545A00F5BA5A /* SOFoursquareAPIClient.h */,
				53D36F26175A545A00F5BA5A /* SOFoursquareAPIClient.m */,
				53D36F27175A545A00F5BA5A /* SOFoursquareUser.h */,
				53D36F28175A545A00F5BA5A /* SOFoursquareUser.m */,
			);
			path = Foursquare;
			sourceTree = "<group>";
		};
		53D36F29175A545A00F5BA5A /* Github */ = {
			isa = PBXGroup;
			children = (
				53D36F2A175A545A00F5BA5A /* SOGithubAPIClient.h */,
				53D36F2B175A545A00F5BA5A /* SOGithubAPIClient.m */,
				53D36F2C175A545A00F5BA5A /* SOGithubUser.h */,
				53D36F2D175A545A00F5BA5A /* SOGithubUser.m */,
			);
			path = Github;
			sourceTree = "<group>";
		};
		53D36F2E175A545A00F5BA5A /* Google */ = {
			isa = PBXGroup;
			children = (
				53D36F2F175A545A00F5BA5A /* SOGooglePlusAPIClient.h */,
				53D36F30175A545A00F5BA5A /* SOGooglePlusAPIClient.m */,
				53D36F31175A545A00F5BA5A /* SOGooglePlusUser.h */,
				53D36F32175A545A00F5BA5A /* SOGooglePlusUser.m */,
			);
			path = Google;
			sourceTree = "<group>";
		};
		53D36F33175A545A00F5BA5A /* Instagram */ = {
			isa = PBXGroup;
			children = (
				53D36F34175A545A00F5BA5A /* SOInstagramAPIClient.h */,
				53D36F35175A545A00F5BA5A /* SOInstagramAPIClient.m */,
				53D36F36175A545A00F5BA5A /* SOInstagramUser.h */,
				53D36F37175A545A00F5BA5A /* SOInstagramUser.m */,
			);
			path = Instagram;
			sourceTree = "<group>";
		};
		53D36F50175A545B00F5BA5A /* Tumblr */ = {
			isa = PBXGroup;
			children = (
				53D36F51175A545B00F5BA5A /* SOTumblrAPIClient.h */,
				53D36F52175A545B00F5BA5A /* SOTumblrAPIClient.m */,
				53D36F53175A545B00F5BA5A /* SOTumblrBlog.h */,
				53D36F54175A545B00F5BA5A /* SOTumblrBlog.m */,
				53D36F55175A545B00F5BA5A /* SOTumblrUser.h */,
				53D36F56175A545B00F5BA5A /* SOTumblrUser.m */,
			);
			path = Tumblr;
			sourceTree = "<group>";
		};
		53D36F57175A545B00F5BA5A /* Twitter */ = {
			isa = PBXGroup;
			children = (
				53D36F58175A545B00F5BA5A /* SOTwitterAPIClient.h */,
				53D36F59175A545B00F5BA5A /* SOTwitterAPIClient.m */,
				53D36F5A175A545B00F5BA5A /* SOTwitterUser.h */,
				53D36F5B175A545B00F5BA5A /* SOTwitterUser.m */,
			);
			path = Twitter;
			sourceTree = "<group>";
		};
		53D36F5C175A545B00F5BA5A /* Vine */ = {
			isa = PBXGroup;
			children = (
				53D36F5D175A545B00F5BA5A /* SOVineAPIClient.h */,
				53D36F5E175A545B00F5BA5A /* SOVineAPIClient.m */,
				53D36F5F175A545B00F5BA5A /* SOVineUser.h */,
				53D36F60175A545B00F5BA5A /* SOVineUser.m */,
			);
			path = Vine;
			sourceTree = "<group>";
		};
		53D36F61175A545B00F5BA5A /* Voto */ = {
			isa = PBXGroup;
			children = (
				53D36F62175A545B00F5BA5A /* SOVotoAPIClient.h */,
				53D36F63175A545B00F5BA5A /* SOVotoAPIClient.m */,
				53D36F64175A545B00F5BA5A /* SOVotoUser.h */,
				53D36F65175A545B00F5BA5A /* SOVotoUser.m */,
			);
			path = Voto;
			sourceTree = "<group>";
		};
/* End PBXGroup section */

/* Begin PBXNativeTarget section */
		53B5BE6316B4609200D2EBB1 /* SocialAccountsSample */ = {
			isa = PBXNativeTarget;
			buildConfigurationList = 53B5BE8B16B4609200D2EBB1 /* Build configuration list for PBXNativeTarget "SocialAccountsSample" */;
			buildPhases = (
				53B5BE6016B4609200D2EBB1 /* Sources */,
				53B5BE6116B4609200D2EBB1 /* Frameworks */,
				53B5BE6216B4609200D2EBB1 /* Resources */,
			);
			buildRules = (
			);
			dependencies = (
			);
			name = SocialAccountsSample;
			productName = PinterestLoginSample;
			productReference = 53B5BE6416B4609200D2EBB1 /* SocialAccountsSample.app */;
			productType = "com.apple.product-type.application";
		};
/* End PBXNativeTarget section */

/* Begin PBXProject section */
		53B5BE5B16B4609200D2EBB1 /* Project object */ = {
			isa = PBXProject;
			attributes = {
				LastUpgradeCheck = 0450;
				ORGANIZATIONNAME = "Kosher Penguin LLC";
			};
			buildConfigurationList = 53B5BE5E16B4609200D2EBB1 /* Build configuration list for PBXProject "SocialAccountsSample" */;
			compatibilityVersion = "Xcode 3.2";
			developmentRegion = English;
			hasScannedForEncodings = 0;
			knownRegions = (
				en,
			);
			mainGroup = 53B5BE5916B4609200D2EBB1;
			productRefGroup = 53B5BE6516B4609200D2EBB1 /* Products */;
			projectDirPath = "";
			projectRoot = "";
			targets = (
				53B5BE6316B4609200D2EBB1 /* SocialAccountsSample */,
			);
		};
/* End PBXProject section */

/* Begin PBXResourcesBuildPhase section */
		53B5BE6216B4609200D2EBB1 /* Resources */ = {
			isa = PBXResourcesBuildPhase;
			buildActionMask = 2147483647;
			files = (
				5340E82216BED59300C53EF5 /* Default-568h@2x.png in Resources */,
				5340E82316BED59300C53EF5 /* Default.png in Resources */,
				5340E82416BED59300C53EF5 /* Default@2x.png in Resources */,
				5340E82C16BED6DD00C53EF5 /* InfoPlist.strings in Resources */,
				5340E82D16BED6DD00C53EF5 /* MainStoryboard.storyboard in Resources */,
				538E653D16BF33C9005B6350 /* GTMOAuthViewTouch.xib in Resources */,
				538E654116BF33C9005B6350 /* GTMOAuth2ViewTouch.xib in Resources */,
				53D36F7A175A545B00F5BA5A /* SocialAccounts.bundle in Resources */,
			);
			runOnlyForDeploymentPostprocessing = 0;
		};
/* End PBXResourcesBuildPhase section */

/* Begin PBXSourcesBuildPhase section */
		53B5BE6016B4609200D2EBB1 /* Sources */ = {
			isa = PBXSourcesBuildPhase;
			buildActionMask = 2147483647;
			files = (
				5340E82116BED59300C53EF5 /* AppDelegate.m in Sources */,
				5340E82516BED59300C53EF5 /* main.m in Sources */,
				5340E82716BED59300C53EF5 /* ViewController.m in Sources */,
				538E653A16BF33C9005B6350 /* GTMOAuthAuthentication.m in Sources */,
				538E653B16BF33C9005B6350 /* GTMOAuthSignIn.m in Sources */,
				530AF117186496DA0019998A /* AFURLSessionManager.m in Sources */,
				530AF0F8186495800019998A /* SOLinkedInAPIClient.m in Sources */,
				538E653C16BF33C9005B6350 /* GTMOAuthViewControllerTouch.m in Sources */,
				538E653E16BF33C9005B6350 /* GTMOAuth2Authentication.m in Sources */,
				538E653F16BF33C9005B6350 /* GTMOAuth2SignIn.m in Sources */,
				538E654016BF33C9005B6350 /* GTMOAuth2ViewControllerTouch.m in Sources */,
				530AF113186496DA0019998A /* AFSecurityPolicy.m in Sources */,
				538E656716BF346B005B6350 /* GTMHTTPFetcher.m in Sources */,
				530AF112186496DA0019998A /* AFNetworkReachabilityManager.m in Sources */,
				530AF0F2186495760019998A /* SOAppNetUser.m in Sources */,
				538E656816BF346B005B6350 /* GTMHTTPFetcherService.m in Sources */,
				538E656916BF346B005B6350 /* GTMHTTPFetchHistory.m in Sources */,
				530AF0F9186495800019998A /* SOLinkedInUser.m in Sources */,
				53D36F66175A545B00F5BA5A /* SODribbbleAPIClient.m in Sources */,
				53D36F67175A545B00F5BA5A /* SODribbbleUser.m in Sources */,
				53D36F68175A545B00F5BA5A /* SOFacebookAPIClient.m in Sources */,
				53D36F69175A545B00F5BA5A /* SOFacebookUser.m in Sources */,
				53D36F6A175A545B00F5BA5A /* SOFiveHundredspxAPIClient.m in Sources */,
				53D36F6B175A545B00F5BA5A /* SOFiveHundredspxUser.m in Sources */,
				53D36F6C175A545B00F5BA5A /* SOFoursquareAPIClient.m in Sources */,
				530AF10F186496DA0019998A /* AFHTTPRequestOperation.m in Sources */,
				53D36F6D175A545B00F5BA5A /* SOFoursquareUser.m in Sources */,
				53D36F6E175A545B00F5BA5A /* SOGithubAPIClient.m in Sources */,
				53D36F6F175A545B00F5BA5A /* SOGithubUser.m in Sources */,
				530AF116186496DA0019998A /* AFURLResponseSerialization.m in Sources */,
				53D36F70175A545B00F5BA5A /* SOGooglePlusAPIClient.m in Sources */,
				53D36F71175A545B00F5BA5A /* SOGooglePlusUser.m in Sources */,
				53D36F72175A545B00F5BA5A /* SOInstagramAPIClient.m in Sources */,
				53D36F73175A545B00F5BA5A /* SOInstagramUser.m in Sources */,
				530AF110186496DA0019998A /* AFHTTPRequestOperationManager.m in Sources */,
				53D36F76175A545B00F5BA5A /* SOAccount.m in Sources */,
				53D36F77175A545B00F5BA5A /* SOAccountCredential.m in Sources */,
				53D36F78175A545B00F5BA5A /* SOAccountStore.m in Sources */,
				53D36F79175A545B00F5BA5A /* SOAccountType.m in Sources */,
				53D36F7B175A545B00F5BA5A /* SOOAuth1ViewController.m in Sources */,
				53D36F7C175A545B00F5BA5A /* SOOAuth2ClientViewController.m in Sources */,
				53D36F7D175A545B00F5BA5A /* SOOAuth2ViewController.m in Sources */,
				53D36F7E175A545B00F5BA5A /* SOSessionAuthViewController.m in Sources */,
				53D36F7F175A545B00F5BA5A /* SOTumblrAPIClient.m in Sources */,
				530AF114186496DA0019998A /* AFURLConnectionOperation.m in Sources */,
				53D36F80175A545B00F5BA5A /* SOTumblrBlog.m in Sources */,
				53D36F81175A545B00F5BA5A /* SOTumblrUser.m in Sources */,
				530AF115186496DA0019998A /* AFURLRequestSerialization.m in Sources */,
				53D36F82175A545B00F5BA5A /* SOTwitterAPIClient.m in Sources */,
				53D36F83175A545B00F5BA5A /* SOTwitterUser.m in Sources */,
				53D36F84175A545B00F5BA5A /* SOVineAPIClient.m in Sources */,
				53D36F85175A545B00F5BA5A /* SOVineUser.m in Sources */,
				53D36F86175A545B00F5BA5A /* SOVotoAPIClient.m in Sources */,
				53D36F87175A545B00F5BA5A /* SOVotoUser.m in Sources */,
				530AF0F1186495760019998A /* SOAppNetAPIClient.m in Sources */,
				530AF111186496DA0019998A /* AFHTTPSessionManager.m in Sources */,
			);
			runOnlyForDeploymentPostprocessing = 0;
		};
/* End PBXSourcesBuildPhase section */

/* Begin PBXVariantGroup section */
		5340E82816BED6DC00C53EF5 /* InfoPlist.strings */ = {
			isa = PBXVariantGroup;
			children = (
				5340E82916BED6DD00C53EF5 /* en */,
			);
			name = InfoPlist.strings;
			sourceTree = "<group>";
		};
		5340E82A16BED6DD00C53EF5 /* MainStoryboard.storyboard */ = {
			isa = PBXVariantGroup;
			children = (
				5340E82B16BED6DD00C53EF5 /* en */,
			);
			name = MainStoryboard.storyboard;
			sourceTree = "<group>";
		};
/* End PBXVariantGroup section */

/* Begin XCBuildConfiguration section */
		53B5BE8916B4609200D2EBB1 /* Debug */ = {
			isa = XCBuildConfiguration;
			buildSettings = {
				ALWAYS_SEARCH_USER_PATHS = NO;
				CLANG_CXX_LANGUAGE_STANDARD = "gnu++0x";
				CLANG_CXX_LIBRARY = "libc++";
				CLANG_ENABLE_OBJC_ARC = YES;
				CLANG_WARN_EMPTY_BODY = YES;
				CLANG_WARN__DUPLICATE_METHOD_MATCH = YES;
				"CODE_SIGN_IDENTITY[sdk=iphoneos*]" = "iPhone Developer";
				COPY_PHASE_STRIP = NO;
				GCC_C_LANGUAGE_STANDARD = gnu99;
				GCC_DYNAMIC_NO_PIC = NO;
				GCC_OPTIMIZATION_LEVEL = 0;
				GCC_PREPROCESSOR_DEFINITIONS = (
					"DEBUG=1",
					"$(inherited)",
				);
				GCC_SYMBOLS_PRIVATE_EXTERN = NO;
				GCC_WARN_ABOUT_RETURN_TYPE = YES;
				GCC_WARN_UNINITIALIZED_AUTOS = YES;
				GCC_WARN_UNUSED_VARIABLE = YES;
				IPHONEOS_DEPLOYMENT_TARGET = 7.0;
				ONLY_ACTIVE_ARCH = YES;
				SDKROOT = iphoneos;
				TARGETED_DEVICE_FAMILY = "1,2";
			};
			name = Debug;
		};
		53B5BE8A16B4609200D2EBB1 /* Release */ = {
			isa = XCBuildConfiguration;
			buildSettings = {
				ALWAYS_SEARCH_USER_PATHS = NO;
				CLANG_CXX_LANGUAGE_STANDARD = "gnu++0x";
				CLANG_CXX_LIBRARY = "libc++";
				CLANG_ENABLE_OBJC_ARC = YES;
				CLANG_WARN_EMPTY_BODY = YES;
				CLANG_WARN__DUPLICATE_METHOD_MATCH = YES;
				"CODE_SIGN_IDENTITY[sdk=iphoneos*]" = "iPhone Developer";
				COPY_PHASE_STRIP = YES;
				GCC_C_LANGUAGE_STANDARD = gnu99;
				GCC_WARN_ABOUT_RETURN_TYPE = YES;
				GCC_WARN_UNINITIALIZED_AUTOS = YES;
				GCC_WARN_UNUSED_VARIABLE = YES;
				IPHONEOS_DEPLOYMENT_TARGET = 7.0;
				OTHER_CFLAGS = "-DNS_BLOCK_ASSERTIONS=1";
				SDKROOT = iphoneos;
				TARGETED_DEVICE_FAMILY = "1,2";
				VALIDATE_PRODUCT = YES;
			};
			name = Release;
		};
		53B5BE8C16B4609200D2EBB1 /* Debug */ = {
			isa = XCBuildConfiguration;
			buildSettings = {
				GCC_PRECOMPILE_PREFIX_HEADER = YES;
				GCC_PREFIX_HEADER = "SocialAccountsSample/SocialAccountsSample-Prefix.pch";
				HEADER_SEARCH_PATHS = "";
				INFOPLIST_FILE = "$(SRCROOT)/SocialAccountsSample/SocialAccountsSample-Info.plist";
				IPHONEOS_DEPLOYMENT_TARGET = 7.0;
				PRODUCT_NAME = "$(TARGET_NAME)";
				WRAPPER_EXTENSION = app;
			};
			name = Debug;
		};
		53B5BE8D16B4609200D2EBB1 /* Release */ = {
			isa = XCBuildConfiguration;
			buildSettings = {
				GCC_PRECOMPILE_PREFIX_HEADER = YES;
				GCC_PREFIX_HEADER = "SocialAccountsSample/SocialAccountsSample-Prefix.pch";
				HEADER_SEARCH_PATHS = "";
				INFOPLIST_FILE = "$(SRCROOT)/SocialAccountsSample/SocialAccountsSample-Info.plist";
				IPHONEOS_DEPLOYMENT_TARGET = 7.0;
				PRODUCT_NAME = "$(TARGET_NAME)";
				WRAPPER_EXTENSION = app;
			};
			name = Release;
		};
/* End XCBuildConfiguration section */

/* Begin XCConfigurationList section */
		53B5BE5E16B4609200D2EBB1 /* Build configuration list for PBXProject "SocialAccountsSample" */ = {
			isa = XCConfigurationList;
			buildConfigurations = (
				53B5BE8916B4609200D2EBB1 /* Debug */,
				53B5BE8A16B4609200D2EBB1 /* Release */,
			);
			defaultConfigurationIsVisible = 0;
			defaultConfigurationName = Release;
		};
		53B5BE8B16B4609200D2EBB1 /* Build configuration list for PBXNativeTarget "SocialAccountsSample" */ = {
			isa = XCConfigurationList;
			buildConfigurations = (
				53B5BE8C16B4609200D2EBB1 /* Debug */,
				53B5BE8D16B4609200D2EBB1 /* Release */,
			);
			defaultConfigurationIsVisible = 0;
			defaultConfigurationName = Release;
		};
/* End XCConfigurationList section */
	};
	rootObject = 53B5BE5B16B4609200D2EBB1 /* Project object */;
}
